
Microsoft Visual Studio Solution File, Format Version 12.00
# Visual Studio Version 17
VisualStudioVersion = 17.8.34525.116
MinimumVisualStudioVersion = 10.0.40219.1
Project("{9A19103F-16F7-4668-BE54-9A1E7A4F7556}") = "JustInTime.Gateway", "JustInTime.Gateway\JustInTime.Gateway.csproj", "{BEEBD298-D4C0-4609-909E-1D0CED583C63}"
EndProject
Project("{FAE04EC0-301F-11D3-BF4B-00C04F79EFBC}") = "JustInTime.User", "JustInTime.User\JustInTime.User.csproj", "{99A933EF-3D0D-4303-9C3E-3ACD1C106F34}"
EndProject
Global
	GlobalSection(SolutionConfigurationPlatforms) = preSolution
		Debug|Any CPU = Debug|Any CPU
		Release|Any CPU = Release|Any CPU
	EndGlobalSection
	GlobalSection(ProjectConfigurationPlatforms) = postSolution
		{BEEBD298-D4C0-4609-909E-1D0CED583C63}.Debug|Any CPU.ActiveCfg = Debug|Any CPU
		{BEEBD298-D4C0-4609-909E-1D0CED583C63}.Debug|Any CPU.Build.0 = Debug|Any CPU
		{BEEBD298-D4C0-4609-909E-1D0CED583C63}.Release|Any CPU.ActiveCfg = Release|Any CPU
		{BEEBD298-D4C0-4609-909E-1D0CED583C63}.Release|Any CPU.Build.0 = Release|Any CPU
		{99A933EF-3D0D-4303-9C3E-3ACD1C106F34}.Debug|Any CPU.ActiveCfg = Debug|Any CPU
		{99A933EF-3D0D-4303-9C3E-3ACD1C106F34}.Debug|Any CPU.Build.0 = Debug|Any CPU
		{99A933EF-3D0D-4303-9C3E-3ACD1C106F34}.Release|Any CPU.ActiveCfg = Release|Any CPU
		{99A933EF-3D0D-4303-9C3E-3ACD1C106F34}.Release|Any CPU.Build.0 = Release|Any CPU
	EndGlobalSection
	GlobalSection(SolutionProperties) = preSolution
		HideSolutionNode = FALSE
	EndGlobalSection
	GlobalSection(ExtensibilityGlobals) = postSolution
		SolutionGuid = {01B60219-13FC-4A34-9EF6-FF8E9C2CEC1C}
	EndGlobalSection
EndGlobal
